
Microsoft Visual Studio Solution File, Format Version 12.00
# Visual Studio Version 17
VisualStudioVersion = 17.6.33717.318
MinimumVisualStudioVersion = 10.0.40219.1
Project("{FAE04EC0-301F-11D3-BF4B-00C04F79EFBC}") = "BOLIBOLOcaixa", "BOLIBOLOcaixa\BOLIBOLOcaixa.csproj", "{B991E7E4-FF94-4BA2-B2B4-552E580F75C4}"
EndProject
Global
	GlobalSection(SolutionConfigurationPlatforms) = preSolution
		Debug|Any CPU = Debug|Any CPU
		Release|Any CPU = Release|Any CPU
	EndGlobalSection
	GlobalSection(ProjectConfigurationPlatforms) = postSolution
		{B991E7E4-FF94-4BA2-B2B4-552E580F75C4}.Debug|Any CPU.ActiveCfg = Debug|Any CPU
		{B991E7E4-FF94-4BA2-B2B4-552E580F75C4}.Debug|Any CPU.Build.0 = Debug|Any CPU
		{B991E7E4-FF94-4BA2-B2B4-552E580F75C4}.Release|Any CPU.ActiveCfg = Release|Any CPU
		{B991E7E4-FF94-4BA2-B2B4-552E580F75C4}.Release|Any CPU.Build.0 = Release|Any CPU
	EndGlobalSection
	GlobalSection(SolutionProperties) = preSolution
		HideSolutionNode = FALSE
	EndGlobalSection
	GlobalSection(ExtensibilityGlobals) = postSolution
		SolutionGuid = {82C27EFA-F008-4202-B9BC-A1647FF38D58}
	EndGlobalSection
EndGlobal
